
Microsoft Visual Studio Solution File, Format Version 11.00
# Visual Studio 2010
Project("{FAE04EC0-301F-11D3-BF4B-00C04F79EFBC}") = "spine-unity", "spine-unity.csproj", "{4A2972EA-DCD1-1AAE-7F92-8AACA6A5864B}"
EndProject
Project("{FAE04EC0-301F-11D3-BF4B-00C04F79EFBC}") = "Assembly-CSharp", "Assembly-CSharp.csproj", "{D5FCD8A1-0B5E-0022-8998-4B825D1A71A3}"
EndProject
Project("{FAE04EC0-301F-11D3-BF4B-00C04F79EFBC}") = "spine-unity-editor", "spine-unity-editor.csproj", "{477C6D00-C439-4DA2-AF6E-4677FD1B4F92}"
EndProject
Global
	GlobalSection(SolutionConfigurationPlatforms) = preSolution
		Debug|Any CPU = Debug|Any CPU
		Release|Any CPU = Release|Any CPU
	EndGlobalSection
	GlobalSection(ProjectConfigurationPlatforms) = postSolution
		{4A2972EA-DCD1-1AAE-7F92-8AACA6A5864B}.Debug|Any CPU.ActiveCfg = Debug|Any CPU
		{4A2972EA-DCD1-1AAE-7F92-8AACA6A5864B}.Debug|Any CPU.Build.0 = Debug|Any CPU
		{4A2972EA-DCD1-1AAE-7F92-8AACA6A5864B}.Release|Any CPU.ActiveCfg = Release|Any CPU
		{4A2972EA-DCD1-1AAE-7F92-8AACA6A5864B}.Release|Any CPU.Build.0 = Release|Any CPU
		{D5FCD8A1-0B5E-0022-8998-4B825D1A71A3}.Debug|Any CPU.ActiveCfg = Debug|Any CPU
		{D5FCD8A1-0B5E-0022-8998-4B825D1A71A3}.Debug|Any CPU.Build.0 = Debug|Any CPU
		{D5FCD8A1-0B5E-0022-8998-4B825D1A71A3}.Release|Any CPU.ActiveCfg = Release|Any CPU
		{D5FCD8A1-0B5E-0022-8998-4B825D1A71A3}.Release|Any CPU.Build.0 = Release|Any CPU
		{477C6D00-C439-4DA2-AF6E-4677FD1B4F92}.Debug|Any CPU.ActiveCfg = Debug|Any CPU
		{477C6D00-C439-4DA2-AF6E-4677FD1B4F92}.Debug|Any CPU.Build.0 = Debug|Any CPU
		{477C6D00-C439-4DA2-AF6E-4677FD1B4F92}.Release|Any CPU.ActiveCfg = Release|Any CPU
		{477C6D00-C439-4DA2-AF6E-4677FD1B4F92}.Release|Any CPU.Build.0 = Release|Any CPU
	EndGlobalSection
	GlobalSection(SolutionProperties) = preSolution
		HideSolutionNode = FALSE
	EndGlobalSection
	GlobalSection(MonoDevelopProperties) = preSolution
		StartupItem = Assembly-CSharp.csproj
	EndGlobalSection
EndGlobal
